// !$*UTF8*$!
{
	archiveVersion = 1;
	classes = {
	};
	objectVersion = 46;
	objects = {

/* Begin PBXBuildFile section */
		2682ECF72A683658813A14E0 /* libPods.a in Frameworks */ = {isa = PBXBuildFile; fileRef = 73DBDAD56E65BDA3E33C2320 /* libPods.a */; };
		4F003E141BF8405C00DF2AA4 /* main.m in Sources */ = {isa = PBXBuildFile; fileRef = 4F003E131BF8405C00DF2AA4 /* main.m */; };
		4F003E171BF8405C00DF2AA4 /* AppDelegate.m in Sources */ = {isa = PBXBuildFile; fileRef = 4F003E161BF8405C00DF2AA4 /* AppDelegate.m */; };
		4F003E1A1BF8405C00DF2AA4 /* ViewController.m in Sources */ = {isa = PBXBuildFile; fileRef = 4F003E191BF8405C00DF2AA4 /* ViewController.m */; };
		4F003E1D1BF8405C00DF2AA4 /* Main.storyboard in Resources */ = {isa = PBXBuildFile; fileRef = 4F003E1B1BF8405C00DF2AA4 /* Main.storyboard */; };
		4F003E1F1BF8405C00DF2AA4 /* Assets.xcassets in Resources */ = {isa = PBXBuildFile; fileRef = 4F003E1E1BF8405C00DF2AA4 /* Assets.xcassets */; };
		4F003E221BF8405C00DF2AA4 /* LaunchScreen.storyboard in Resources */ = {isa = PBXBuildFile; fileRef = 4F003E201BF8405C00DF2AA4 /* LaunchScreen.storyboard */; };
		4F003E2D1BF8405C00DF2AA4 /* SocketDemoTests.m in Sources */ = {isa = PBXBuildFile; fileRef = 4F003E2C1BF8405C00DF2AA4 /* SocketDemoTests.m */; };
		4F003E381BF8405C00DF2AA4 /* SocketDemoUITests.m in Sources */ = {isa = PBXBuildFile; fileRef = 4F003E371BF8405C00DF2AA4 /* SocketDemoUITests.m */; };
/* End PBXBuildFile section */

/* Begin PBXContainerItemProxy section */
		4F003E291BF8405C00DF2AA4 /* PBXContainerItemProxy */ = {
			isa = PBXContainerItemProxy;
			containerPortal = 4F003E071BF8405C00DF2AA4 /* Project object */;
			proxyType = 1;
			remoteGlobalIDString = 4F003E0E1BF8405C00DF2AA4;
			remoteInfo = SocketDemo;
		};
		4F003E341BF8405C00DF2AA4 /* PBXContainerItemProxy */ = {
			isa = PBXContainerItemProxy;
			containerPortal = 4F003E071BF8405C00DF2AA4 /* Project object */;
			proxyType = 1;
			remoteGlobalIDString = 4F003E0E1BF8405C00DF2AA4;
			remoteInfo = SocketDemo;
		};
/* End PBXContainerItemProxy section */

/* Begin PBXFileReference section */
		4F003E0F1BF8405C00DF2AA4 /* SocketDemo.app */ = {isa = PBXFileReference; explicitFileType = wrapper.application; includeInIndex = 0; path = SocketDemo.app; sourceTree = BUILT_PRODUCTS_DIR; };
		4F003E131BF8405C00DF2AA4 /* main.m */ = {isa = PBXFileReference; lastKnownFileType = sourcecode.c.objc; path = main.m; sourceTree = "<group>"; };
		4F003E151BF8405C00DF2AA4 /* AppDelegate.h */ = {isa = PBXFileReference; lastKnownFileType = sourcecode.c.h; path = AppDelegate.h; sourceTree = "<group>"; };
		4F003E161BF8405C00DF2AA4 /* AppDelegate.m */ = {isa = PBXFileReference; lastKnownFileType = sourcecode.c.objc; path = AppDelegate.m; sourceTree = "<group>"; };
		4F003E181BF8405C00DF2AA4 /* ViewController.h */ = {isa = PBXFileReference; lastKnownFileType = sourcecode.c.h; path = ViewController.h; sourceTree = "<group>"; };
		4F003E191BF8405C00DF2AA4 /* ViewController.m */ = {isa = PBXFileReference; lastKnownFileType = sourcecode.c.objc; path = ViewController.m; sourceTree = "<group>"; };
		4F003E1C1BF8405C00DF2AA4 /* Base */ = {isa = PBXFileReference; lastKnownFileType = file.storyboard; name = Base; path = Base.lproj/Main.storyboard; sourceTree = "<group>"; };
		4F003E1E1BF8405C00DF2AA4 /* Assets.xcassets */ = {isa = PBXFileReference; lastKnownFileType = folder.assetcatalog; path = Assets.xcassets; sourceTree = "<group>"; };
		4F003E211BF8405C00DF2AA4 /* Base */ = {isa = PBXFileReference; lastKnownFileType = file.storyboard; name = Base; path = Base.lproj/LaunchScreen.storyboard; sourceTree = "<group>"; };
		4F003E231BF8405C00DF2AA4 /* Info.plist */ = {isa = PBXFileReference; lastKnownFileType = text.plist.xml; path = Info.plist; sourceTree = "<group>"; };
		4F003E281BF8405C00DF2AA4 /* SocketDemoTests.xctest */ = {isa = PBXFileReference; explicitFileType = wrapper.cfbundle; includeInIndex = 0; path = SocketDemoTests.xctest; sourceTree = BUILT_PRODUCTS_DIR; };
		4F003E2C1BF8405C00DF2AA4 /* SocketDemoTests.m */ = {isa = PBXFileReference; lastKnownFileType = sourcecode.c.objc; path = SocketDemoTests.m; sourceTree = "<group>"; };
		4F003E2E1BF8405C00DF2AA4 /* Info.plist */ = {isa = PBXFileReference; lastKnownFileType = text.plist.xml; path = Info.plist; sourceTree = "<group>"; };
		4F003E331BF8405C00DF2AA4 /* SocketDemoUITests.xctest */ = {isa = PBXFileReference; explicitFileType = wrapper.cfbundle; includeInIndex = 0; path = SocketDemoUITests.xctest; sourceTree = BUILT_PRODUCTS_DIR; };
		4F003E371BF8405C00DF2AA4 /* SocketDemoUITests.m */ = {isa = PBXFileReference; lastKnownFileType = sourcecode.c.objc; path = SocketDemoUITests.m; sourceTree = "<group>"; };
		4F003E391BF8405C00DF2AA4 /* Info.plist */ = {isa = PBXFileReference; lastKnownFileType = text.plist.xml; path = Info.plist; sourceTree = "<group>"; };
		73DBDAD56E65BDA3E33C2320 /* libPods.a */ = {isa = PBXFileReference; explicitFileType = archive.ar; includeInIndex = 0; path = libPods.a; sourceTree = BUILT_PRODUCTS_DIR; };
		D5FA924ECB31BBCB2C41E740 /* Pods.release.xcconfig */ = {isa = PBXFileReference; includeInIndex = 1; lastKnownFileType = text.xcconfig; name = Pods.release.xcconfig; path = "Pods/Target Support Files/Pods/Pods.release.xcconfig"; sourceTree = "<group>"; };
		FB09992C054469704EDDDF6E /* Pods.debug.xcconfig */ = {isa = PBXFileReference; includeInIndex = 1; lastKnownFileType = text.xcconfig; name = Pods.debug.xcconfig; path = "Pods/Target Support Files/Pods/Pods.debug.xcconfig"; sourceTree = "<group>"; };
/* End PBXFileReference section */

/* Begin PBXFrameworksBuildPhase section */
		4F003E0C1BF8405C00DF2AA4 /* Frameworks */ = {
			isa = PBXFrameworksBuildPhase;
			buildActionMask = 2147483647;
			files = (
				2682ECF72A683658813A14E0 /* libPods.a in Frameworks */,
			);
			runOnlyForDeploymentPostprocessing = 0;
		};
		4F003E251BF8405C00DF2AA4 /* Frameworks */ = {
			isa = PBXFrameworksBuildPhase;
			buildActionMask = 2147483647;
			files = (
			);
			runOnlyForDeploymentPostprocessing = 0;
		};
		4F003E301BF8405C00DF2AA4 /* Frameworks */ = {
			isa = PBXFrameworksBuildPhase;
			buildActionMask = 2147483647;
			files = (
			);
			runOnlyForDeploymentPostprocessing = 0;
		};
/* End PBXFrameworksBuildPhase section */

/* Begin PBXGroup section */
		41299AA09A6873B6B7EDF633 /* Pods */ = {
			isa = PBXGroup;
			children = (
				FB09992C054469704EDDDF6E /* Pods.debug.xcconfig */,
				D5FA924ECB31BBCB2C41E740 /* Pods.release.xcconfig */,
			);
			name = Pods;
			sourceTree = "<group>";
		};
		4F003E061BF8405C00DF2AA4 = {
			isa = PBXGroup;
			children = (
				4F003E111BF8405C00DF2AA4 /* SocketDemo */,
				4F003E2B1BF8405C00DF2AA4 /* SocketDemoTests */,
				4F003E361BF8405C00DF2AA4 /* SocketDemoUITests */,
				4F003E101BF8405C00DF2AA4 /* Products */,
				41299AA09A6873B6B7EDF633 /* Pods */,
				6C32BE08F02BD2EDEBA99C4A /* Frameworks */,
			);
			sourceTree = "<group>";
		};
		4F003E101BF8405C00DF2AA4 /* Products */ = {
			isa = PBXGroup;
			children = (
				4F003E0F1BF8405C00DF2AA4 /* SocketDemo.app */,
				4F003E281BF8405C00DF2AA4 /* SocketDemoTests.xctest */,
				4F003E331BF8405C00DF2AA4 /* SocketDemoUITests.xctest */,
			);
			name = Products;
			sourceTree = "<group>";
		};
		4F003E111BF8405C00DF2AA4 /* SocketDemo */ = {
			isa = PBXGroup;
			children = (
				4F003E151BF8405C00DF2AA4 /* AppDelegate.h */,
				4F003E161BF8405C00DF2AA4 /* AppDelegate.m */,
				4F003E181BF8405C00DF2AA4 /* ViewController.h */,
				4F003E191BF8405C00DF2AA4 /* ViewController.m */,
				4F003E121BF8405C00DF2AA4 /* Supporting Files */,
			);
			path = SocketDemo;
			sourceTree = "<group>";
		};
		4F003E121BF8405C00DF2AA4 /* Supporting Files */ = {
			isa = PBXGroup;
			children = (
				4F003E1B1BF8405C00DF2AA4 /* Main.storyboard */,
				4F003E1E1BF8405C00DF2AA4 /* Assets.xcassets */,
				4F003E201BF8405C00DF2AA4 /* LaunchScreen.storyboard */,
				4F003E231BF8405C00DF2AA4 /* Info.plist */,
				4F003E131BF8405C00DF2AA4 /* main.m */,
			);
			name = "Supporting Files";
			sourceTree = "<group>";
		};
		4F003E2B1BF8405C00DF2AA4 /* SocketDemoTests */ = {
			isa = PBXGroup;
			children = (
				4F003E2C1BF8405C00DF2AA4 /* SocketDemoTests.m */,
				4F003E2E1BF8405C00DF2AA4 /* Info.plist */,
			);
			path = SocketDemoTests;
			sourceTree = "<group>";
		};
		4F003E361BF8405C00DF2AA4 /* SocketDemoUITests */ = {
			isa = PBXGroup;
			children = (
				4F003E371BF8405C00DF2AA4 /* SocketDemoUITests.m */,
				4F003E391BF8405C00DF2AA4 /* Info.plist */,
			);
			path = SocketDemoUITests;
			sourceTree = "<group>";
		};
		6C32BE08F02BD2EDEBA99C4A /* Frameworks */ = {
			isa = PBXGroup;
			children = (
				73DBDAD56E65BDA3E33C2320 /* libPods.a */,
			);
			name = Frameworks;
			sourceTree = "<group>";
		};
/* End PBXGroup section */

/* Begin PBXNativeTarget section */
		4F003E0E1BF8405C00DF2AA4 /* SocketDemo */ = {
			isa = PBXNativeTarget;
			buildConfigurationList = 4F003E3C1BF8405D00DF2AA4 /* Build configuration list for PBXNativeTarget "SocketDemo" */;
			buildPhases = (
				3859EEB95AE4D3B568A014C1 /* Check Pods Manifest.lock */,
				4F003E0B1BF8405C00DF2AA4 /* Sources */,
				4F003E0C1BF8405C00DF2AA4 /* Frameworks */,
				4F003E0D1BF8405C00DF2AA4 /* Resources */,
				C19E00FF083C23AFA55C4BE9 /* Embed Pods Frameworks */,
				B3637A1077C058A8ABA41160 /* Copy Pods Resources */,
			);
			buildRules = (
			);
			dependencies = (
			);
			name = SocketDemo;
			productName = SocketDemo;
			productReference = 4F003E0F1BF8405C00DF2AA4 /* SocketDemo.app */;
			productType = "com.apple.product-type.application";
		};
		4F003E271BF8405C00DF2AA4 /* SocketDemoTests */ = {
			isa = PBXNativeTarget;
			buildConfigurationList = 4F003E3F1BF8405D00DF2AA4 /* Build configuration list for PBXNativeTarget "SocketDemoTests" */;
			buildPhases = (
				4F003E241BF8405C00DF2AA4 /* Sources */,
				4F003E251BF8405C00DF2AA4 /* Frameworks */,
				4F003E261BF8405C00DF2AA4 /* Resources */,
			);
			buildRules = (
			);
			dependencies = (
				4F003E2A1BF8405C00DF2AA4 /* PBXTargetDependency */,
			);
			name = SocketDemoTests;
			productName = SocketDemoTests;
			productReference = 4F003E281BF8405C00DF2AA4 /* SocketDemoTests.xctest */;
			productType = "com.apple.product-type.bundle.unit-test";
		};
		4F003E321BF8405C00DF2AA4 /* SocketDemoUITests */ = {
			isa = PBXNativeTarget;
			buildConfigurationList = 4F003E421BF8405D00DF2AA4 /* Build configuration list for PBXNativeTarget "SocketDemoUITests" */;
			buildPhases = (
				4F003E2F1BF8405C00DF2AA4 /* Sources */,
				4F003E301BF8405C00DF2AA4 /* Frameworks */,
				4F003E311BF8405C00DF2AA4 /* Resources */,
			);
			buildRules = (
			);
			dependencies = (
				4F003E351BF8405C00DF2AA4 /* PBXTargetDependency */,
			);
			name = SocketDemoUITests;
			productName = SocketDemoUITests;
			productReference = 4F003E331BF8405C00DF2AA4 /* SocketDemoUITests.xctest */;
			productType = "com.apple.product-type.bundle.ui-testing";
		};
/* End PBXNativeTarget section */

/* Begin PBXProject section */
		4F003E071BF8405C00DF2AA4 /* Project object */ = {
			isa = PBXProject;
			attributes = {
				LastUpgradeCheck = 0710;
				ORGANIZATIONNAME = "黄花菜";
				TargetAttributes = {
					4F003E0E1BF8405C00DF2AA4 = {
						CreatedOnToolsVersion = 7.1;
					};
					4F003E271BF8405C00DF2AA4 = {
						CreatedOnToolsVersion = 7.1;
						TestTargetID = 4F003E0E1BF8405C00DF2AA4;
					};
					4F003E321BF8405C00DF2AA4 = {
						CreatedOnToolsVersion = 7.1;
						TestTargetID = 4F003E0E1BF8405C00DF2AA4;
					};
				};
			};
			buildConfigurationList = 4F003E0A1BF8405C00DF2AA4 /* Build configuration list for PBXProject "SocketDemo" */;
			compatibilityVersion = "Xcode 3.2";
			developmentRegion = English;
			hasScannedForEncodings = 0;
			knownRegions = (
				en,
				Base,
			);
			mainGroup = 4F003E061BF8405C00DF2AA4;
			productRefGroup = 4F003E101BF8405C00DF2AA4 /* Products */;
			projectDirPath = "";
			projectRoot = "";
			targets = (
				4F003E0E1BF8405C00DF2AA4 /* SocketDemo */,
				4F003E271BF8405C00DF2AA4 /* SocketDemoTests */,
				4F003E321BF8405C00DF2AA4 /* SocketDemoUITests */,
			);
		};
/* End PBXProject section */

/* Begin PBXResourcesBuildPhase section */
		4F003E0D1BF8405C00DF2AA4 /* Resources */ = {
			isa = PBXResourcesBuildPhase;
			buildActionMask = 2147483647;
			files = (
				4F003E221BF8405C00DF2AA4 /* LaunchScreen.storyboard in Resources */,
				4F003E1F1BF8405C00DF2AA4 /* Assets.xcassets in Resources */,
				4F003E1D1BF8405C00DF2AA4 /* Main.storyboard in Resources */,
			);
			runOnlyForDeploymentPostprocessing = 0;
		};
		4F003E261BF8405C00DF2AA4 /* Resources */ = {
			isa = PBXResourcesBuildPhase;
			buildActionMask = 2147483647;
			files = (
			);
			runOnlyForDeploymentPostprocessing = 0;
		};
		4F003E311BF8405C00DF2AA4 /* Resources */ = {
			isa = PBXResourcesBuildPhase;
			buildActionMask = 2147483647;
			files = (
			);
			runOnlyForDeploymentPostprocessing = 0;
		};
/* End PBXResourcesBuildPhase section */

/* Begin PBXShellScriptBuildPhase section */
		3859EEB95AE4D3B568A014C1 /* Check Pods Manifest.lock */ = {
			isa = PBXShellScriptBuildPhase;
			buildActionMask = 2147483647;
			files = (
			);
			inputPaths = (
			);
			name = "Check Pods Manifest.lock";
			outputPaths = (
			);
			runOnlyForDeploymentPostprocessing = 0;
			shellPath = /bin/sh;
			shellScript = "diff \"${PODS_ROOT}/../Podfile.lock\" \"${PODS_ROOT}/Manifest.lock\" > /dev/null\nif [[ $? != 0 ]] ; then\n    cat << EOM\nerror: The sandbox is not in sync with the Podfile.lock. Run 'pod install' or update your CocoaPods installation.\nEOM\n    exit 1\nfi\n";
			showEnvVarsInLog = 0;
		};
		B3637A1077C058A8ABA41160 /* Copy Pods Resources */ = {
			isa = PBXShellScriptBuildPhase;
			buildActionMask = 2147483647;
			files = (
			);
			inputPaths = (
			);
			name = "Copy Pods Resources";
			outputPaths = (
			);
			runOnlyForDeploymentPostprocessing = 0;
			shellPath = /bin/sh;
			shellScript = "\"${SRCROOT}/Pods/Target Support Files/Pods/Pods-resources.sh\"\n";
			showEnvVarsInLog = 0;
		};
		C19E00FF083C23AFA55C4BE9 /* Embed Pods Frameworks */ = {
			isa = PBXShellScriptBuildPhase;
			buildActionMask = 2147483647;
			files = (
			);
			inputPaths = (
			);
			name = "Embed Pods Frameworks";
			outputPaths = (
			);
			runOnlyForDeploymentPostprocessing = 0;
			shellPath = /bin/sh;
			shellScript = "\"${SRCROOT}/Pods/Target Support Files/Pods/Pods-frameworks.sh\"\n";
			showEnvVarsInLog = 0;
		};
/* End PBXShellScriptBuildPhase section */

/* Begin PBXSourcesBuildPhase section */
		4F003E0B1BF8405C00DF2AA4 /* Sources */ = {
			isa = PBXSourcesBuildPhase;
			buildActionMask = 2147483647;
			files = (
				4F003E1A1BF8405C00DF2AA4 /* ViewController.m in Sources */,
				4F003E171BF8405C00DF2AA4 /* AppDelegate.m in Sources */,
				4F003E141BF8405C00DF2AA4 /* main.m in Sources */,
			);
			runOnlyForDeploymentPostprocessing = 0;
		};
		4F003E241BF8405C00DF2AA4 /* Sources */ = {
			isa = PBXSourcesBuildPhase;
			buildActionMask = 2147483647;
			files = (
				4F003E2D1BF8405C00DF2AA4 /* SocketDemoTests.m in Sources */,
			);
			runOnlyForDeploymentPostprocessing = 0;
		};
		4F003E2F1BF8405C00DF2AA4 /* Sources */ = {
			isa = PBXSourcesBuildPhase;
			buildActionMask = 2147483647;
			files = (
				4F003E381BF8405C00DF2AA4 /* SocketDemoUITests.m in Sources */,
			);
			runOnlyForDeploymentPostprocessing = 0;
		};
/* End PBXSourcesBuildPhase section */

/* Begin PBXTargetDependency section */
		4F003E2A1BF8405C00DF2AA4 /* PBXTargetDependency */ = {
			isa = PBXTargetDependency;
			target = 4F003E0E1BF8405C00DF2AA4 /* SocketDemo */;
			targetProxy = 4F003E291BF8405C00DF2AA4 /* PBXContainerItemProxy */;
		};
		4F003E351BF8405C00DF2AA4 /* PBXTargetDependency */ = {
			isa = PBXTargetDependency;
			target = 4F003E0E1BF8405C00DF2AA4 /* SocketDemo */;
			targetProxy = 4F003E341BF8405C00DF2AA4 /* PBXContainerItemProxy */;
		};
/* End PBXTargetDependency section */

/* Begin PBXVariantGroup section */
		4F003E1B1BF8405C00DF2AA4 /* Main.storyboard */ = {
			isa = PBXVariantGroup;
			children = (
				4F003E1C1BF8405C00DF2AA4 /* Base */,
			);
			name = Main.storyboard;
			sourceTree = "<group>";
		};
		4F003E201BF8405C00DF2AA4 /* LaunchScreen.storyboard */ = {
			isa = PBXVariantGroup;
			children = (
				4F003E211BF8405C00DF2AA4 /* Base */,
			);
			name = LaunchScreen.storyboard;
			sourceTree = "<group>";
		};
/* End PBXVariantGroup section */

/* Begin XCBuildConfiguration section */
		4F003E3A1BF8405D00DF2AA4 /* Debug */ = {
			isa = XCBuildConfiguration;
			buildSettings = {
				ALWAYS_SEARCH_USER_PATHS = NO;
				CLANG_CXX_LANGUAGE_STANDARD = "gnu++0x";
				CLANG_CXX_LIBRARY = "libc++";
				CLANG_ENABLE_MODULES = YES;
				CLANG_ENABLE_OBJC_ARC = YES;
				CLANG_WARN_BOOL_CONVERSION = YES;
				CLANG_WARN_CONSTANT_CONVERSION = YES;
				CLANG_WARN_DIRECT_OBJC_ISA_USAGE = YES_ERROR;
				CLANG_WARN_EMPTY_BODY = YES;
				CLANG_WARN_ENUM_CONVERSION = YES;
				CLANG_WARN_INT_CONVERSION = YES;
				CLANG_WARN_OBJC_ROOT_CLASS = YES_ERROR;
				CLANG_WARN_UNREACHABLE_CODE = YES;
				CLANG_WARN__DUPLICATE_METHOD_MATCH = YES;
				"CODE_SIGN_IDENTITY[sdk=iphoneos*]" = "iPhone Developer";
				COPY_PHASE_STRIP = NO;
				DEBUG_INFORMATION_FORMAT = dwarf;
				ENABLE_STRICT_OBJC_MSGSEND = YES;
				ENABLE_TESTABILITY = YES;
				GCC_C_LANGUAGE_STANDARD = gnu99;
				GCC_DYNAMIC_NO_PIC = NO;
				GCC_NO_COMMON_BLOCKS = YES;
				GCC_OPTIMIZATION_LEVEL = 0;
				GCC_PREPROCESSOR_DEFINITIONS = (
					"DEBUG=1",
					"$(inherited)",
				);
				GCC_WARN_64_TO_32_BIT_CONVERSION = YES;
				GCC_WARN_ABOUT_RETURN_TYPE = YES_ERROR;
				GCC_WARN_UNDECLARED_SELECTOR = YES;
				GCC_WARN_UNINITIALIZED_AUTOS = YES_AGGRESSIVE;
				GCC_WARN_UNUSED_FUNCTION = YES;
				GCC_WARN_UNUSED_VARIABLE = YES;
				IPHONEOS_DEPLOYMENT_TARGET = 9.1;
				MTL_ENABLE_DEBUG_INFO = YES;
				ONLY_ACTIVE_ARCH = YES;
				SDKROOT = iphoneos;
			};
			name = Debug;
		};
		4F003E3B1BF8405D00DF2AA4 /* Release */ = {
			isa = XCBuildConfiguration;
			buildSettings = {
				ALWAYS_SEARCH_USER_PATHS = NO;
				CLANG_CXX_LANGUAGE_STANDARD = "gnu++0x";
				CLANG_CXX_LIBRARY = "libc++";
				CLANG_ENABLE_MODULES = YES;
				CLANG_ENABLE_OBJC_ARC = YES;
				CLANG_WARN_BOOL_CONVERSION = YES;
				CLANG_WARN_CONSTANT_CONVERSION = YES;
				CLANG_WARN_DIRECT_OBJC_ISA_USAGE = YES_ERROR;
				CLANG_WARN_EMPTY_BODY = YES;
				CLANG_WARN_ENUM_CONVERSION = YES;
				CLANG_WARN_INT_CONVERSION = YES;
				CLANG_WARN_OBJC_ROOT_CLASS = YES_ERROR;
				CLANG_WARN_UNREACHABLE_CODE = YES;
				CLANG_WARN__DUPLICATE_METHOD_MATCH = YES;
				"CODE_SIGN_IDENTITY[sdk=iphoneos*]" = "iPhone Developer";
				COPY_PHASE_STRIP = NO;
				DEBUG_INFORMATION_FORMAT = "dwarf-with-dsym";
				ENABLE_NS_ASSERTIONS = NO;
				ENABLE_STRICT_OBJC_MSGSEND = YES;
				GCC_C_LANGUAGE_STANDARD = gnu99;
				GCC_NO_COMMON_BLOCKS = YES;
				GCC_WARN_64_TO_32_BIT_CONVERSION = YES;
				GCC_WARN_ABOUT_RETURN_TYPE = YES_ERROR;
				GCC_WARN_UNDECLARED_SELECTOR = YES;
				GCC_WARN_UNINITIALIZED_AUTOS = YES_AGGRESSIVE;
				GCC_WARN_UNUSED_FUNCTION = YES;
				GCC_WARN_UNUSED_VARIABLE = YES;
				IPHONEOS_DEPLOYMENT_TARGET = 9.1;
				MTL_ENABLE_DEBUG_INFO = NO;
				SDKROOT = iphoneos;
				VALIDATE_PRODUCT = YES;
			};
			name = Release;
		};
		4F003E3D1BF8405D00DF2AA4 /* Debug */ = {
			isa = XCBuildConfiguration;
			baseConfigurationReference = FB09992C054469704EDDDF6E /* Pods.debug.xcconfig */;
			buildSettings = {
				ASSETCATALOG_COMPILER_APPICON_NAME = AppIcon;
				INFOPLIST_FILE = SocketDemo/Info.plist;
				LD_RUNPATH_SEARCH_PATHS = "$(inherited) @executable_path/Frameworks";
				PRODUCT_BUNDLE_IDENTIFIER = com.huanghuacai.SocketDemo;
				PRODUCT_NAME = "$(TARGET_NAME)";
			};
			name = Debug;
		};
		4F003E3E1BF8405D00DF2AA4 /* Release */ = {
			isa = XCBuildConfiguration;
			baseConfigurationReference = D5FA924ECB31BBCB2C41E740 /* Pods.release.xcconfig */;
			buildSettings = {
				ASSETCATALOG_COMPILER_APPICON_NAME = AppIcon;
				INFOPLIST_FILE = SocketDemo/Info.plist;
				LD_RUNPATH_SEARCH_PATHS = "$(inherited) @executable_path/Frameworks";
				PRODUCT_BUNDLE_IDENTIFIER = com.huanghuacai.SocketDemo;
				PRODUCT_NAME = "$(TARGET_NAME)";
			};
			name = Release;
		};
		4F003E401BF8405D00DF2AA4 /* Debug */ = {
			isa = XCBuildConfiguration;
			buildSettings = {
				BUNDLE_LOADER = "$(TEST_HOST)";
				INFOPLIST_FILE = SocketDemoTests/Info.plist;
				LD_RUNPATH_SEARCH_PATHS = "$(inherited) @executable_path/Frameworks @loader_path/Frameworks";
				PRODUCT_BUNDLE_IDENTIFIER = com.huanghuacai.SocketDemoTests;
				PRODUCT_NAME = "$(TARGET_NAME)";
				TEST_HOST = "$(BUILT_PRODUCTS_DIR)/SocketDemo.app/SocketDemo";
			};
			name = Debug;
		};
		4F003E411BF8405D00DF2AA4 /* Release */ = {
			isa = XCBuildConfiguration;
			buildSettings = {
				BUNDLE_LOADER = "$(TEST_HOST)";
				INFOPLIST_FILE = SocketDemoTests/Info.plist;
				LD_RUNPATH_SEARCH_PATHS = "$(inherited) @executable_path/Frameworks @loader_path/Frameworks";
				PRODUCT_BUNDLE_IDENTIFIER = com.huanghuacai.SocketDemoTests;
				PRODUCT_NAME = "$(TARGET_NAME)";
				TEST_HOST = "$(BUILT_PRODUCTS_DIR)/SocketDemo.app/SocketDemo";
			};
			name = Release;
		};
		4F003E431BF8405D00DF2AA4 /* Debug */ = {
			isa = XCBuildConfiguration;
			buildSettings = {
				INFOPLIST_FILE = SocketDemoUITests/Info.plist;
				LD_RUNPATH_SEARCH_PATHS = "$(inherited) @executable_path/Frameworks @loader_path/Frameworks";
				PRODUCT_BUNDLE_IDENTIFIER = com.huanghuacai.SocketDemoUITests;
				PRODUCT_NAME = "$(TARGET_NAME)";
				TEST_TARGET_NAME = SocketDemo;
				USES_XCTRUNNER = YES;
			};
			name = Debug;
		};
		4F003E441BF8405D00DF2AA4 /* Release */ = {
			isa = XCBuildConfiguration;
			buildSettings = {
				INFOPLIST_FILE = SocketDemoUITests/Info.plist;
				LD_RUNPATH_SEARCH_PATHS = "$(inherited) @executable_path/Frameworks @loader_path/Frameworks";
				PRODUCT_BUNDLE_IDENTIFIER = com.huanghuacai.SocketDemoUITests;
				PRODUCT_NAME = "$(TARGET_NAME)";
				TEST_TARGET_NAME = SocketDemo;
				USES_XCTRUNNER = YES;
			};
			name = Release;
		};
/* End XCBuildConfiguration section */

/* Begin XCConfigurationList section */
		4F003E0A1BF8405C00DF2AA4 /* Build configuration list for PBXProject "SocketDemo" */ = {
			isa = XCConfigurationList;
			buildConfigurations = (
				4F003E3A1BF8405D00DF2AA4 /* Debug */,
				4F003E3B1BF8405D00DF2AA4 /* Release */,
			);
			defaultConfigurationIsVisible = 0;
			defaultConfigurationName = Release;
		};
		4F003E3C1BF8405D00DF2AA4 /* Build configuration list for PBXNativeTarget "SocketDemo" */ = {
			isa = XCConfigurationList;
			buildConfigurations = (
				4F003E3D1BF8405D00DF2AA4 /* Debug */,
				4F003E3E1BF8405D00DF2AA4 /* Release */,
			);
			defaultConfigurationIsVisible = 0;
			defaultConfigurationName = Release;
		};
		4F003E3F1BF8405D00DF2AA4 /* Build configuration list for PBXNativeTarget "SocketDemoTests" */ = {
			isa = XCConfigurationList;
			buildConfigurations = (
				4F003E401BF8405D00DF2AA4 /* Debug */,
				4F003E411BF8405D00DF2AA4 /* Release */,
			);
			defaultConfigurationIsVisible = 0;
			defaultConfigurationName = Release;
		};
		4F003E421BF8405D00DF2AA4 /* Build configuration list for PBXNativeTarget "SocketDemoUITests" */ = {
			isa = XCConfigurationList;
			buildConfigurations = (
				4F003E431BF8405D00DF2AA4 /* Debug */,
				4F003E441BF8405D00DF2AA4 /* Release */,
			);
			defaultConfigurationIsVisible = 0;
			defaultConfigurationName = Release;
		};
/* End XCConfigurationList section */
	};
	rootObject = 4F003E071BF8405C00DF2AA4 /* Project object */;
}
